{
  "name": "io.cordova.hellocordova",
  "version": "1.0.0",
  "lockfileVersion": 1,
  "requires": true,
  "dependencies": {
    "cordova-plugin-actionsheet": {
      "version": "2.3.3",
      "resolved": "https://registry.npmjs.org/cordova-plugin-actionsheet/-/cordova-plugin-actionsheet-2.3.3.tgz",
      "integrity": "sha1-6SYbLQBKjaQHOI1g31NMFWxS/xE=",
      "dev": true
    },
    "cordova-plugin-console": {
      "version": "1.1.0",
      "resolved": "https://registry.npmjs.org/cordova-plugin-console/-/cordova-plugin-console-1.1.0.tgz",
      "integrity": "sha1-4vusECkBeeRMtyxf28QQpTHBzW0=",
      "dev": true
    },
    "cordova-plugin-native-keyboard": {
      "version": "2.0.6",
      "resolved": "https://registry.npmjs.org/cordova-plugin-native-keyboard/-/cordova-plugin-native-keyboard-2.0.6.tgz",
      "integrity": "sha512-vzfFWWfbfuBNShnGujhHHvkeZbhkcRkFe4vxe9m5ztIi4lLOMQAaxYspyTjCdddsRSGnXu6Ri0xA26uKVNPnYQ==",
      "dev": true
    }
  }
}
